
Microsoft Visual Studio Solution File, Format Version 12.00
# Visual Studio Version 16
VisualStudioVersion = 16.0.33529.622
MinimumVisualStudioVersion = 10.0.40219.1
Project("{FAE04EC0-301F-11D3-BF4B-00C04F79EFBC}") = "Payslip", "Payslip\Payslip.csproj", "{6593265F-3668-4FC2-A6F7-7E0518AFDDF1}"
EndProject
Global
	GlobalSection(SolutionConfigurationPlatforms) = preSolution
		Debug|Any CPU = Debug|Any CPU
		Release|Any CPU = Release|Any CPU
	EndGlobalSection
	GlobalSection(ProjectConfigurationPlatforms) = postSolution
		{6593265F-3668-4FC2-A6F7-7E0518AFDDF1}.Debug|Any CPU.ActiveCfg = Debug|Any CPU
		{6593265F-3668-4FC2-A6F7-7E0518AFDDF1}.Debug|Any CPU.Build.0 = Debug|Any CPU
		{6593265F-3668-4FC2-A6F7-7E0518AFDDF1}.Release|Any CPU.ActiveCfg = Release|Any CPU
		{6593265F-3668-4FC2-A6F7-7E0518AFDDF1}.Release|Any CPU.Build.0 = Release|Any CPU
	EndGlobalSection
	GlobalSection(SolutionProperties) = preSolution
		HideSolutionNode = FALSE
	EndGlobalSection
	GlobalSection(ExtensibilityGlobals) = postSolution
		SolutionGuid = {F43302C6-976D-4381-9204-81EF22C9A884}
	EndGlobalSection
EndGlobal
